// !$*UTF8*$!
{
	archiveVersion = 1;
	classes = {
	};
	objectVersion = 55;
	objects = {

/* Begin PBXBuildFile section */
		FB36DCD12879892C00686A79 /* AppDelegate.swift in Sources */ = {isa = PBXBuildFile; fileRef = FB36DCD02879892C00686A79 /* AppDelegate.swift */; };
		FB36DCD32879892C00686A79 /* SceneDelegate.swift in Sources */ = {isa = PBXBuildFile; fileRef = FB36DCD22879892C00686A79 /* SceneDelegate.swift */; };
		FB36DCD52879892C00686A79 /* SearchTableViewController.swift in Sources */ = {isa = PBXBuildFile; fileRef = FB36DCD42879892C00686A79 /* SearchTableViewController.swift */; };
		FB36DCD82879892C00686A79 /* Main.storyboard in Resources */ = {isa = PBXBuildFile; fileRef = FB36DCD62879892C00686A79 /* Main.storyboard */; };
		FB36DCDA2879892D00686A79 /* Assets.xcassets in Resources */ = {isa = PBXBuildFile; fileRef = FB36DCD92879892D00686A79 /* Assets.xcassets */; };
		FB36DCDD2879892D00686A79 /* LaunchScreen.storyboard in Resources */ = {isa = PBXBuildFile; fileRef = FB36DCDB2879892D00686A79 /* LaunchScreen.storyboard */; };
		FB36DCE62879897D00686A79 /* MBProgressHUD in Frameworks */ = {isa = PBXBuildFile; productRef = FB36DCE52879897D00686A79 /* MBProgressHUD */; };
		FB36DCE92879898900686A79 /* Loaf in Frameworks */ = {isa = PBXBuildFile; productRef = FB36DCE82879898900686A79 /* Loaf */; };
		FB9FEA2028798D0900C69DF6 /* Then in Frameworks */ = {isa = PBXBuildFile; productRef = FB9FEA1F28798D0900C69DF6 /* Then */; };
		FB9FEA25287993F000C69DF6 /* SearchTableViewCell.swift in Sources */ = {isa = PBXBuildFile; fileRef = FB9FEA24287993F000C69DF6 /* SearchTableViewCell.swift */; };
		FB9FEA282879951300C69DF6 /* APIService.swift in Sources */ = {isa = PBXBuildFile; fileRef = FB9FEA272879951300C69DF6 /* APIService.swift */; };
		FB9FEA2A2879958000C69DF6 /* SearchResults.swift in Sources */ = {isa = PBXBuildFile; fileRef = FB9FEA292879958000C69DF6 /* SearchResults.swift */; };
		FB9FEA2E2879A2DB00C69DF6 /* UIViewController+.swift in Sources */ = {isa = PBXBuildFile; fileRef = FB9FEA2D2879A2DB00C69DF6 /* UIViewController+.swift */; };
		FB9FEA302879A3DC00C69DF6 /* SearchPlaceholderView.swift in Sources */ = {isa = PBXBuildFile; fileRef = FB9FEA2F2879A3DC00C69DF6 /* SearchPlaceholderView.swift */; };
		FB9FEA332879A57400C69DF6 /* SnapKit in Frameworks */ = {isa = PBXBuildFile; productRef = FB9FEA322879A57400C69DF6 /* SnapKit */; };
		FB9FEA362879A6FF00C69DF6 /* UIAnimatable.swift in Sources */ = {isa = PBXBuildFile; fileRef = FB9FEA352879A6FF00C69DF6 /* UIAnimatable.swift */; };
		FB9FEA38287AB43600C69DF6 /* TimeSeriesMonthlyAdjusted.swift in Sources */ = {isa = PBXBuildFile; fileRef = FB9FEA37287AB43600C69DF6 /* TimeSeriesMonthlyAdjusted.swift */; };
		FBE44523287AE2EF00C0A2F4 /* CalculatorTableViewController.swift in Sources */ = {isa = PBXBuildFile; fileRef = FBE44522287AE2EF00C0A2F4 /* CalculatorTableViewController.swift */; };
		FBE44525287AE3D500C0A2F4 /* Asset.swift in Sources */ = {isa = PBXBuildFile; fileRef = FBE44524287AE3D500C0A2F4 /* Asset.swift */; };
		FBE44527287AEA5900C0A2F4 /* String+.swift in Sources */ = {isa = PBXBuildFile; fileRef = FBE44526287AEA5900C0A2F4 /* String+.swift */; };
/* End PBXBuildFile section */

/* Begin PBXFileReference section */
		FB36DCCD2879892C00686A79 /* DCAStockFinancial.app */ = {isa = PBXFileReference; explicitFileType = wrapper.application; includeInIndex = 0; path = DCAStockFinancial.app; sourceTree = BUILT_PRODUCTS_DIR; };
		FB36DCD02879892C00686A79 /* AppDelegate.swift */ = {isa = PBXFileReference; lastKnownFileType = sourcecode.swift; path = AppDelegate.swift; sourceTree = "<group>"; };
		FB36DCD22879892C00686A79 /* SceneDelegate.swift */ = {isa = PBXFileReference; lastKnownFileType = sourcecode.swift; path = SceneDelegate.swift; sourceTree = "<group>"; };
		FB36DCD42879892C00686A79 /* SearchTableViewController.swift */ = {isa = PBXFileReference; lastKnownFileType = sourcecode.swift; path = SearchTableViewController.swift; sourceTree = "<group>"; };
		FB36DCD72879892C00686A79 /* Base */ = {isa = PBXFileReference; lastKnownFileType = file.storyboard; name = Base; path = Base.lproj/Main.storyboard; sourceTree = "<group>"; };
		FB36DCD92879892D00686A79 /* Assets.xcassets */ = {isa = PBXFileReference; lastKnownFileType = folder.assetcatalog; path = Assets.xcassets; sourceTree = "<group>"; };
		FB36DCDC2879892D00686A79 /* Base */ = {isa = PBXFileReference; lastKnownFileType = file.storyboard; name = Base; path = Base.lproj/LaunchScreen.storyboard; sourceTree = "<group>"; };
		FB36DCDE2879892D00686A79 /* Info.plist */ = {isa = PBXFileReference; lastKnownFileType = text.plist.xml; path = Info.plist; sourceTree = "<group>"; };
		FB9FEA24287993F000C69DF6 /* SearchTableViewCell.swift */ = {isa = PBXFileReference; lastKnownFileType = sourcecode.swift; path = SearchTableViewCell.swift; sourceTree = "<group>"; };
		FB9FEA272879951300C69DF6 /* APIService.swift */ = {isa = PBXFileReference; lastKnownFileType = sourcecode.swift; path = APIService.swift; sourceTree = "<group>"; };
		FB9FEA292879958000C69DF6 /* SearchResults.swift */ = {isa = PBXFileReference; lastKnownFileType = sourcecode.swift; path = SearchResults.swift; sourceTree = "<group>"; };
		FB9FEA2D2879A2DB00C69DF6 /* UIViewController+.swift */ = {isa = PBXFileReference; lastKnownFileType = sourcecode.swift; path = "UIViewController+.swift"; sourceTree = "<group>"; };
		FB9FEA2F2879A3DC00C69DF6 /* SearchPlaceholderView.swift */ = {isa = PBXFileReference; lastKnownFileType = sourcecode.swift; path = SearchPlaceholderView.swift; sourceTree = "<group>"; };
		FB9FEA352879A6FF00C69DF6 /* UIAnimatable.swift */ = {isa = PBXFileReference; lastKnownFileType = sourcecode.swift; path = UIAnimatable.swift; sourceTree = "<group>"; };
		FB9FEA37287AB43600C69DF6 /* TimeSeriesMonthlyAdjusted.swift */ = {isa = PBXFileReference; lastKnownFileType = sourcecode.swift; path = TimeSeriesMonthlyAdjusted.swift; sourceTree = "<group>"; };
		FBE44522287AE2EF00C0A2F4 /* CalculatorTableViewController.swift */ = {isa = PBXFileReference; lastKnownFileType = sourcecode.swift; path = CalculatorTableViewController.swift; sourceTree = "<group>"; };
		FBE44524287AE3D500C0A2F4 /* Asset.swift */ = {isa = PBXFileReference; lastKnownFileType = sourcecode.swift; path = Asset.swift; sourceTree = "<group>"; };
		FBE44526287AEA5900C0A2F4 /* String+.swift */ = {isa = PBXFileReference; lastKnownFileType = sourcecode.swift; path = "String+.swift"; sourceTree = "<group>"; };
/* End PBXFileReference section */

/* Begin PBXFrameworksBuildPhase section */
		FB36DCCA2879892C00686A79 /* Frameworks */ = {
			isa = PBXFrameworksBuildPhase;
			buildActionMask = 2147483647;
			files = (
				FB36DCE92879898900686A79 /* Loaf in Frameworks */,
				FB9FEA332879A57400C69DF6 /* SnapKit in Frameworks */,
				FB9FEA2028798D0900C69DF6 /* Then in Frameworks */,
				FB36DCE62879897D00686A79 /* MBProgressHUD in Frameworks */,
			);
			runOnlyForDeploymentPostprocessing = 0;
		};
/* End PBXFrameworksBuildPhase section */

/* Begin PBXGroup section */
		FB36DCC42879892C00686A79 = {
			isa = PBXGroup;
			children = (
				FB36DCCF2879892C00686A79 /* DCAStockFinancial */,
				FB36DCCE2879892C00686A79 /* Products */,
			);
			sourceTree = "<group>";
		};
		FB36DCCE2879892C00686A79 /* Products */ = {
			isa = PBXGroup;
			children = (
				FB36DCCD2879892C00686A79 /* DCAStockFinancial.app */,
			);
			name = Products;
			sourceTree = "<group>";
		};
		FB36DCCF2879892C00686A79 /* DCAStockFinancial */ = {
			isa = PBXGroup;
			children = (
				FB9FEA23287993C900C69DF6 /* Model */,
				FB9FEA22287993C900C69DF6 /* View */,
				FB9FEA21287993C100C69DF6 /* Controller */,
				FB9FEA262879950E00C69DF6 /* Service */,
				FB9FEA2B2879A2BD00C69DF6 /* Utils */,
				FB9FEA342879A6ED00C69DF6 /* Protocol */,
				FB36DCD02879892C00686A79 /* AppDelegate.swift */,
				FB36DCD22879892C00686A79 /* SceneDelegate.swift */,
				FB36DCD62879892C00686A79 /* Main.storyboard */,
				FB36DCD92879892D00686A79 /* Assets.xcassets */,
				FB36DCDB2879892D00686A79 /* LaunchScreen.storyboard */,
				FB36DCDE2879892D00686A79 /* Info.plist */,
			);
			path = DCAStockFinancial;
			sourceTree = "<group>";
		};
		FB9FEA21287993C100C69DF6 /* Controller */ = {
			isa = PBXGroup;
			children = (
				FB36DCD42879892C00686A79 /* SearchTableViewController.swift */,
				FBE44522287AE2EF00C0A2F4 /* CalculatorTableViewController.swift */,
			);
			path = Controller;
			sourceTree = "<group>";
		};
		FB9FEA22287993C900C69DF6 /* View */ = {
			isa = PBXGroup;
			children = (
				FB9FEA24287993F000C69DF6 /* SearchTableViewCell.swift */,
				FB9FEA2F2879A3DC00C69DF6 /* SearchPlaceholderView.swift */,
			);
			path = View;
			sourceTree = "<group>";
		};
		FB9FEA23287993C900C69DF6 /* Model */ = {
			isa = PBXGroup;
			children = (
				FB9FEA292879958000C69DF6 /* SearchResults.swift */,
				FB9FEA37287AB43600C69DF6 /* TimeSeriesMonthlyAdjusted.swift */,
				FBE44524287AE3D500C0A2F4 /* Asset.swift */,
			);
			path = Model;
			sourceTree = "<group>";
		};
		FB9FEA262879950E00C69DF6 /* Service */ = {
			isa = PBXGroup;
			children = (
				FB9FEA272879951300C69DF6 /* APIService.swift */,
			);
			path = Service;
			sourceTree = "<group>";
		};
		FB9FEA2B2879A2BD00C69DF6 /* Utils */ = {
			isa = PBXGroup;
			children = (
				FB9FEA2C2879A2D400C69DF6 /* Extension+ */,
			);
			path = Utils;
			sourceTree = "<group>";
		};
		FB9FEA2C2879A2D400C69DF6 /* Extension+ */ = {
			isa = PBXGroup;
			children = (
				FB9FEA2D2879A2DB00C69DF6 /* UIViewController+.swift */,
				FBE44526287AEA5900C0A2F4 /* String+.swift */,
			);
			path = "Extension+";
			sourceTree = "<group>";
		};
		FB9FEA342879A6ED00C69DF6 /* Protocol */ = {
			isa = PBXGroup;
			children = (
				FB9FEA352879A6FF00C69DF6 /* UIAnimatable.swift */,
			);
			path = Protocol;
			sourceTree = "<group>";
		};
/* End PBXGroup section */

/* Begin PBXNativeTarget section */
		FB36DCCC2879892C00686A79 /* DCAStockFinancial */ = {
			isa = PBXNativeTarget;
			buildConfigurationList = FB36DCE12879892D00686A79 /* Build configuration list for PBXNativeTarget "DCAStockFinancial" */;
			buildPhases = (
				FB36DCC92879892C00686A79 /* Sources */,
				FB36DCCA2879892C00686A79 /* Frameworks */,
				FB36DCCB2879892C00686A79 /* Resources */,
			);
			buildRules = (
			);
			dependencies = (
			);
			name = DCAStockFinancial;
			packageProductDependencies = (
				FB36DCE52879897D00686A79 /* MBProgressHUD */,
				FB36DCE82879898900686A79 /* Loaf */,
				FB9FEA1F28798D0900C69DF6 /* Then */,
				FB9FEA322879A57400C69DF6 /* SnapKit */,
			);
			productName = DCAStockFinancial;
			productReference = FB36DCCD2879892C00686A79 /* DCAStockFinancial.app */;
			productType = "com.apple.product-type.application";
		};
/* End PBXNativeTarget section */

/* Begin PBXProject section */
		FB36DCC52879892C00686A79 /* Project object */ = {
			isa = PBXProject;
			attributes = {
				BuildIndependentTargetsInParallel = 1;
				LastSwiftUpdateCheck = 1320;
				LastUpgradeCheck = 1320;
				TargetAttributes = {
					FB36DCCC2879892C00686A79 = {
						CreatedOnToolsVersion = 13.2.1;
					};
				};
			};
			buildConfigurationList = FB36DCC82879892C00686A79 /* Build configuration list for PBXProject "DCAStockFinancial" */;
			compatibilityVersion = "Xcode 13.0";
			developmentRegion = en;
			hasScannedForEncodings = 0;
			knownRegions = (
				en,
				Base,
			);
			mainGroup = FB36DCC42879892C00686A79;
			packageReferences = (
				FB36DCE42879897D00686A79 /* XCRemoteSwiftPackageReference "MBProgressHUD" */,
				FB36DCE72879898800686A79 /* XCRemoteSwiftPackageReference "Loaf" */,
				FB9FEA1E28798D0900C69DF6 /* XCRemoteSwiftPackageReference "Then" */,
				FB9FEA312879A57400C69DF6 /* XCRemoteSwiftPackageReference "SnapKit" */,
			);
			productRefGroup = FB36DCCE2879892C00686A79 /* Products */;
			projectDirPath = "";
			projectRoot = "";
			targets = (
				FB36DCCC2879892C00686A79 /* DCAStockFinancial */,
			);
		};
/* End PBXProject section */

/* Begin PBXResourcesBuildPhase section */
		FB36DCCB2879892C00686A79 /* Resources */ = {
			isa = PBXResourcesBuildPhase;
			buildActionMask = 2147483647;
			files = (
				FB36DCDD2879892D00686A79 /* LaunchScreen.storyboard in Resources */,
				FB36DCDA2879892D00686A79 /* Assets.xcassets in Resources */,
				FB36DCD82879892C00686A79 /* Main.storyboard in Resources */,
			);
			runOnlyForDeploymentPostprocessing = 0;
		};
/* End PBXResourcesBuildPhase section */

/* Begin PBXSourcesBuildPhase section */
		FB36DCC92879892C00686A79 /* Sources */ = {
			isa = PBXSourcesBuildPhase;
			buildActionMask = 2147483647;
			files = (
				FBE44523287AE2EF00C0A2F4 /* CalculatorTableViewController.swift in Sources */,
				FB9FEA362879A6FF00C69DF6 /* UIAnimatable.swift in Sources */,
				FB9FEA2E2879A2DB00C69DF6 /* UIViewController+.swift in Sources */,
				FB36DCD52879892C00686A79 /* SearchTableViewController.swift in Sources */,
				FB9FEA302879A3DC00C69DF6 /* SearchPlaceholderView.swift in Sources */,
				FB9FEA282879951300C69DF6 /* APIService.swift in Sources */,
				FBE44525287AE3D500C0A2F4 /* Asset.swift in Sources */,
				FB9FEA25287993F000C69DF6 /* SearchTableViewCell.swift in Sources */,
				FB36DCD12879892C00686A79 /* AppDelegate.swift in Sources */,
				FB9FEA2A2879958000C69DF6 /* SearchResults.swift in Sources */,
				FBE44527287AEA5900C0A2F4 /* String+.swift in Sources */,
				FB36DCD32879892C00686A79 /* SceneDelegate.swift in Sources */,
				FB9FEA38287AB43600C69DF6 /* TimeSeriesMonthlyAdjusted.swift in Sources */,
			);
			runOnlyForDeploymentPostprocessing = 0;
		};
/* End PBXSourcesBuildPhase section */

/* Begin PBXVariantGroup section */
		FB36DCD62879892C00686A79 /* Main.storyboard */ = {
			isa = PBXVariantGroup;
			children = (
				FB36DCD72879892C00686A79 /* Base */,
			);
			name = Main.storyboard;
			sourceTree = "<group>";
		};
		FB36DCDB2879892D00686A79 /* LaunchScreen.storyboard */ = {
			isa = PBXVariantGroup;
			children = (
				FB36DCDC2879892D00686A79 /* Base */,
			);
			name = LaunchScreen.storyboard;
			sourceTree = "<group>";
		};
/* End PBXVariantGroup section */

/* Begin XCBuildConfiguration section */
		FB36DCDF2879892D00686A79 /* Debug */ = {
			isa = XCBuildConfiguration;
			buildSettings = {
				ALWAYS_SEARCH_USER_PATHS = NO;
				CLANG_ANALYZER_NONNULL = YES;
				CLANG_ANALYZER_NUMBER_OBJECT_CONVERSION = YES_AGGRESSIVE;
				CLANG_CXX_LANGUAGE_STANDARD = "gnu++17";
				CLANG_CXX_LIBRARY = "libc++";
				CLANG_ENABLE_MODULES = YES;
				CLANG_ENABLE_OBJC_ARC = YES;
				CLANG_ENABLE_OBJC_WEAK = YES;
				CLANG_WARN_BLOCK_CAPTURE_AUTORELEASING = YES;
				CLANG_WARN_BOOL_CONVERSION = YES;
				CLANG_WARN_COMMA = YES;
				CLANG_WARN_CONSTANT_CONVERSION = YES;
				CLANG_WARN_DEPRECATED_OBJC_IMPLEMENTATIONS = YES;
				CLANG_WARN_DIRECT_OBJC_ISA_USAGE = YES_ERROR;
				CLANG_WARN_DOCUMENTATION_COMMENTS = YES;
				CLANG_WARN_EMPTY_BODY = YES;
				CLANG_WARN_ENUM_CONVERSION = YES;
				CLANG_WARN_INFINITE_RECURSION = YES;
				CLANG_WARN_INT_CONVERSION = YES;
				CLANG_WARN_NON_LITERAL_NULL_CONVERSION = YES;
				CLANG_WARN_OBJC_IMPLICIT_RETAIN_SELF = YES;
				CLANG_WARN_OBJC_LITERAL_CONVERSION = YES;
				CLANG_WARN_OBJC_ROOT_CLASS = YES_ERROR;
				CLANG_WARN_QUOTED_INCLUDE_IN_FRAMEWORK_HEADER = YES;
				CLANG_WARN_RANGE_LOOP_ANALYSIS = YES;
				CLANG_WARN_STRICT_PROTOTYPES = YES;
				CLANG_WARN_SUSPICIOUS_MOVE = YES;
				CLANG_WARN_UNGUARDED_AVAILABILITY = YES_AGGRESSIVE;
				CLANG_WARN_UNREACHABLE_CODE = YES;
				CLANG_WARN__DUPLICATE_METHOD_MATCH = YES;
				COPY_PHASE_STRIP = NO;
				DEBUG_INFORMATION_FORMAT = dwarf;
				ENABLE_STRICT_OBJC_MSGSEND = YES;
				ENABLE_TESTABILITY = YES;
				GCC_C_LANGUAGE_STANDARD = gnu11;
				GCC_DYNAMIC_NO_PIC = NO;
				GCC_NO_COMMON_BLOCKS = YES;
				GCC_OPTIMIZATION_LEVEL = 0;
				GCC_PREPROCESSOR_DEFINITIONS = (
					"DEBUG=1",
					"$(inherited)",
				);
				GCC_WARN_64_TO_32_BIT_CONVERSION = YES;
				GCC_WARN_ABOUT_RETURN_TYPE = YES_ERROR;
				GCC_WARN_UNDECLARED_SELECTOR = YES;
				GCC_WARN_UNINITIALIZED_AUTOS = YES_AGGRESSIVE;
				GCC_WARN_UNUSED_FUNCTION = YES;
				GCC_WARN_UNUSED_VARIABLE = YES;
				IPHONEOS_DEPLOYMENT_TARGET = 15.2;
				MTL_ENABLE_DEBUG_INFO = INCLUDE_SOURCE;
				MTL_FAST_MATH = YES;
				ONLY_ACTIVE_ARCH = YES;
				SDKROOT = iphoneos;
				SWIFT_ACTIVE_COMPILATION_CONDITIONS = DEBUG;
				SWIFT_OPTIMIZATION_LEVEL = "-Onone";
			};
			name = Debug;
		};
		FB36DCE02879892D00686A79 /* Release */ = {
			isa = XCBuildConfiguration;
			buildSettings = {
				ALWAYS_SEARCH_USER_PATHS = NO;
				CLANG_ANALYZER_NONNULL = YES;
				CLANG_ANALYZER_NUMBER_OBJECT_CONVERSION = YES_AGGRESSIVE;
				CLANG_CXX_LANGUAGE_STANDARD = "gnu++17";
				CLANG_CXX_LIBRARY = "libc++";
				CLANG_ENABLE_MODULES = YES;
				CLANG_ENABLE_OBJC_ARC = YES;
				CLANG_ENABLE_OBJC_WEAK = YES;
				CLANG_WARN_BLOCK_CAPTURE_AUTORELEASING = YES;
				CLANG_WARN_BOOL_CONVERSION = YES;
				CLANG_WARN_COMMA = YES;
				CLANG_WARN_CONSTANT_CONVERSION = YES;
				CLANG_WARN_DEPRECATED_OBJC_IMPLEMENTATIONS = YES;
				CLANG_WARN_DIRECT_OBJC_ISA_USAGE = YES_ERROR;
				CLANG_WARN_DOCUMENTATION_COMMENTS = YES;
				CLANG_WARN_EMPTY_BODY = YES;
				CLANG_WARN_ENUM_CONVERSION = YES;
				CLANG_WARN_INFINITE_RECURSION = YES;
				CLANG_WARN_INT_CONVERSION = YES;
				CLANG_WARN_NON_LITERAL_NULL_CONVERSION = YES;
				CLANG_WARN_OBJC_IMPLICIT_RETAIN_SELF = YES;
				CLANG_WARN_OBJC_LITERAL_CONVERSION = YES;
				CLANG_WARN_OBJC_ROOT_CLASS = YES_ERROR;
				CLANG_WARN_QUOTED_INCLUDE_IN_FRAMEWORK_HEADER = YES;
				CLANG_WARN_RANGE_LOOP_ANALYSIS = YES;
				CLANG_WARN_STRICT_PROTOTYPES = YES;
				CLANG_WARN_SUSPICIOUS_MOVE = YES;
				CLANG_WARN_UNGUARDED_AVAILABILITY = YES_AGGRESSIVE;
				CLANG_WARN_UNREACHABLE_CODE = YES;
				CLANG_WARN__DUPLICATE_METHOD_MATCH = YES;
				COPY_PHASE_STRIP = NO;
				DEBUG_INFORMATION_FORMAT = "dwarf-with-dsym";
				ENABLE_NS_ASSERTIONS = NO;
				ENABLE_STRICT_OBJC_MSGSEND = YES;
				GCC_C_LANGUAGE_STANDARD = gnu11;
				GCC_NO_COMMON_BLOCKS = YES;
				GCC_WARN_64_TO_32_BIT_CONVERSION = YES;
				GCC_WARN_ABOUT_RETURN_TYPE = YES_ERROR;
				GCC_WARN_UNDECLARED_SELECTOR = YES;
				GCC_WARN_UNINITIALIZED_AUTOS = YES_AGGRESSIVE;
				GCC_WARN_UNUSED_FUNCTION = YES;
				GCC_WARN_UNUSED_VARIABLE = YES;
				IPHONEOS_DEPLOYMENT_TARGET = 15.2;
				MTL_ENABLE_DEBUG_INFO = NO;
				MTL_FAST_MATH = YES;
				SDKROOT = iphoneos;
				SWIFT_COMPILATION_MODE = wholemodule;
				SWIFT_OPTIMIZATION_LEVEL = "-O";
				VALIDATE_PRODUCT = YES;
			};
			name = Release;
		};
		FB36DCE22879892D00686A79 /* Debug */ = {
			isa = XCBuildConfiguration;
			buildSettings = {
				ASSETCATALOG_COMPILER_APPICON_NAME = AppIcon;
				ASSETCATALOG_COMPILER_GLOBAL_ACCENT_COLOR_NAME = AccentColor;
				CODE_SIGN_STYLE = Automatic;
				CURRENT_PROJECT_VERSION = 1;
				DEVELOPMENT_TEAM = LFRY7BQTRY;
				GENERATE_INFOPLIST_FILE = YES;
				INFOPLIST_FILE = DCAStockFinancial/Info.plist;
				INFOPLIST_KEY_UIApplicationSupportsIndirectInputEvents = YES;
				INFOPLIST_KEY_UILaunchStoryboardName = LaunchScreen;
				INFOPLIST_KEY_UIMainStoryboardFile = Main;
				INFOPLIST_KEY_UISupportedInterfaceOrientations_iPad = "UIInterfaceOrientationPortrait UIInterfaceOrientationPortraitUpsideDown UIInterfaceOrientationLandscapeLeft UIInterfaceOrientationLandscapeRight";
				INFOPLIST_KEY_UISupportedInterfaceOrientations_iPhone = "UIInterfaceOrientationPortrait UIInterfaceOrientationLandscapeLeft UIInterfaceOrientationLandscapeRight";
				IPHONEOS_DEPLOYMENT_TARGET = 14.0;
				LD_RUNPATH_SEARCH_PATHS = (
					"$(inherited)",
					"@executable_path/Frameworks",
				);
				MARKETING_VERSION = 1.0;
				PRODUCT_BUNDLE_IDENTIFIER = "Lee-JaeHyeok.DCAStockFinancial";
				PRODUCT_NAME = "$(TARGET_NAME)";
				SWIFT_EMIT_LOC_STRINGS = YES;
				SWIFT_VERSION = 5.0;
				TARGETED_DEVICE_FAMILY = "1,2";
			};
			name = Debug;
		};
		FB36DCE32879892D00686A79 /* Release */ = {
			isa = XCBuildConfiguration;
			buildSettings = {
				ASSETCATALOG_COMPILER_APPICON_NAME = AppIcon;
				ASSETCATALOG_COMPILER_GLOBAL_ACCENT_COLOR_NAME = AccentColor;
				CODE_SIGN_STYLE = Automatic;
				CURRENT_PROJECT_VERSION = 1;
				DEVELOPMENT_TEAM = LFRY7BQTRY;
				GENERATE_INFOPLIST_FILE = YES;
				INFOPLIST_FILE = DCAStockFinancial/Info.plist;
				INFOPLIST_KEY_UIApplicationSupportsIndirectInputEvents = YES;
				INFOPLIST_KEY_UILaunchStoryboardName = LaunchScreen;
				INFOPLIST_KEY_UIMainStoryboardFile = Main;
				INFOPLIST_KEY_UISupportedInterfaceOrientations_iPad = "UIInterfaceOrientationPortrait UIInterfaceOrientationPortraitUpsideDown UIInterfaceOrientationLandscapeLeft UIInterfaceOrientationLandscapeRight";
				INFOPLIST_KEY_UISupportedInterfaceOrientations_iPhone = "UIInterfaceOrientationPortrait UIInterfaceOrientationLandscapeLeft UIInterfaceOrientationLandscapeRight";
				IPHONEOS_DEPLOYMENT_TARGET = 14.0;
				LD_RUNPATH_SEARCH_PATHS = (
					"$(inherited)",
					"@executable_path/Frameworks",
				);
				MARKETING_VERSION = 1.0;
				PRODUCT_BUNDLE_IDENTIFIER = "Lee-JaeHyeok.DCAStockFinancial";
				PRODUCT_NAME = "$(TARGET_NAME)";
				SWIFT_EMIT_LOC_STRINGS = YES;
				SWIFT_VERSION = 5.0;
				TARGETED_DEVICE_FAMILY = "1,2";
			};
			name = Release;
		};
/* End XCBuildConfiguration section */

/* Begin XCConfigurationList section */
		FB36DCC82879892C00686A79 /* Build configuration list for PBXProject "DCAStockFinancial" */ = {
			isa = XCConfigurationList;
			buildConfigurations = (
				FB36DCDF2879892D00686A79 /* Debug */,
				FB36DCE02879892D00686A79 /* Release */,
			);
			defaultConfigurationIsVisible = 0;
			defaultConfigurationName = Release;
		};
		FB36DCE12879892D00686A79 /* Build configuration list for PBXNativeTarget "DCAStockFinancial" */ = {
			isa = XCConfigurationList;
			buildConfigurations = (
				FB36DCE22879892D00686A79 /* Debug */,
				FB36DCE32879892D00686A79 /* Release */,
			);
			defaultConfigurationIsVisible = 0;
			defaultConfigurationName = Release;
		};
/* End XCConfigurationList section */

/* Begin XCRemoteSwiftPackageReference section */
		FB36DCE42879897D00686A79 /* XCRemoteSwiftPackageReference "MBProgressHUD" */ = {
			isa = XCRemoteSwiftPackageReference;
			repositoryURL = "https://github.com/jdg/MBProgressHUD";
			requirement = {
				kind = upToNextMajorVersion;
				minimumVersion = 1.0.0;
			};
		};
		FB36DCE72879898800686A79 /* XCRemoteSwiftPackageReference "Loaf" */ = {
			isa = XCRemoteSwiftPackageReference;
			repositoryURL = "https://github.com/schmidyy/Loaf";
			requirement = {
				kind = upToNextMajorVersion;
				minimumVersion = 0.7.0;
			};
		};
		FB9FEA1E28798D0900C69DF6 /* XCRemoteSwiftPackageReference "Then" */ = {
			isa = XCRemoteSwiftPackageReference;
			repositoryURL = "https://github.com/devxoul/Then";
			requirement = {
				kind = upToNextMajorVersion;
				minimumVersion = 3.0.0;
			};
		};
		FB9FEA312879A57400C69DF6 /* XCRemoteSwiftPackageReference "SnapKit" */ = {
			isa = XCRemoteSwiftPackageReference;
			repositoryURL = "https://github.com/SnapKit/SnapKit";
			requirement = {
				kind = upToNextMajorVersion;
				minimumVersion = 5.0.0;
			};
		};
/* End XCRemoteSwiftPackageReference section */

/* Begin XCSwiftPackageProductDependency section */
		FB36DCE52879897D00686A79 /* MBProgressHUD */ = {
			isa = XCSwiftPackageProductDependency;
			package = FB36DCE42879897D00686A79 /* XCRemoteSwiftPackageReference "MBProgressHUD" */;
			productName = MBProgressHUD;
		};
		FB36DCE82879898900686A79 /* Loaf */ = {
			isa = XCSwiftPackageProductDependency;
			package = FB36DCE72879898800686A79 /* XCRemoteSwiftPackageReference "Loaf" */;
			productName = Loaf;
		};
		FB9FEA1F28798D0900C69DF6 /* Then */ = {
			isa = XCSwiftPackageProductDependency;
			package = FB9FEA1E28798D0900C69DF6 /* XCRemoteSwiftPackageReference "Then" */;
			productName = Then;
		};
		FB9FEA322879A57400C69DF6 /* SnapKit */ = {
			isa = XCSwiftPackageProductDependency;
			package = FB9FEA312879A57400C69DF6 /* XCRemoteSwiftPackageReference "SnapKit" */;
			productName = SnapKit;
		};
/* End XCSwiftPackageProductDependency section */
	};
	rootObject = FB36DCC52879892C00686A79 /* Project object */;
}
